
Microsoft Visual Studio Solution File, Format Version 12.00
# Visual Studio 15
Project("{FAE04EC0-301F-11D3-BF4B-00C04F79EFBC}") = "UnityEngine.UI", "UnityEngine.UI.csproj", "{91B31B7D-3E17-2215-39D8-3FB7B7C597DD}"
EndProject
Project("{FAE04EC0-301F-11D3-BF4B-00C04F79EFBC}") = "Unity.RenderPipelines.Core.Runtime", "Unity.RenderPipelines.Core.Runtime.csproj", "{49F78F4E-C0C0-3D57-3A0B-ED5AF2461ACE}"
EndProject
Project("{FAE04EC0-301F-11D3-BF4B-00C04F79EFBC}") = "UnityEngine.TestRunner", "UnityEngine.TestRunner.csproj", "{101D660B-C45D-B0B2-1424-109FB876CD51}"
EndProject
Project("{FAE04EC0-301F-11D3-BF4B-00C04F79EFBC}") = "Unity.Mathematics", "Unity.Mathematics.csproj", "{65AE1CF5-120A-5E76-C7B0-4A588A3FD4C6}"
EndProject
Project("{FAE04EC0-301F-11D3-BF4B-00C04F79EFBC}") = "UnityEngine.Purchasing.WinRTCore", "UnityEngine.Purchasing.WinRTCore.csproj", "{D446576B-E8F3-9CD1-EE72-110EAA96A3A4}"
EndProject
Project("{FAE04EC0-301F-11D3-BF4B-00C04F79EFBC}") = "Unity.RenderPipelines.Universal.Runtime", "Unity.RenderPipelines.Universal.Runtime.csproj", "{CC414E9C-7599-23EE-EB9B-080938B66319}"
EndProject
Project("{FAE04EC0-301F-11D3-BF4B-00C04F79EFBC}") = "UnityEngine.XR.LegacyInputHelpers", "UnityEngine.XR.LegacyInputHelpers.csproj", "{5E67A015-35F7-8473-2A75-0D33E76F2133}"
EndProject
Project("{FAE04EC0-301F-11D3-BF4B-00C04F79EFBC}") = "UnityEngine.Monetization", "UnityEngine.Monetization.csproj", "{3E70C0D7-1FA5-D0F2-FC16-9678556CCBBF}"
EndProject
Project("{FAE04EC0-301F-11D3-BF4B-00C04F79EFBC}") = "UnityEngine.Purchasing.AppleCore", "UnityEngine.Purchasing.AppleCore.csproj", "{68944458-D7A8-3055-3F11-36F47BA40ECD}"
EndProject
Project("{FAE04EC0-301F-11D3-BF4B-00C04F79EFBC}") = "Unity.TextMeshPro", "Unity.TextMeshPro.csproj", "{3A9CAD96-BE4B-6084-D406-2E56AF50F880}"
EndProject
Project("{FAE04EC0-301F-11D3-BF4B-00C04F79EFBC}") = "UnityEngine.Advertisements", "UnityEngine.Advertisements.csproj", "{B27B6107-D196-5232-4E87-58928F5FC57D}"
EndProject
Project("{FAE04EC0-301F-11D3-BF4B-00C04F79EFBC}") = "UnityEngine.Purchasing.Stores", "UnityEngine.Purchasing.Stores.csproj", "{CD4FA87E-EAFA-56B5-21E5-BD1581ACC116}"
EndProject
Project("{FAE04EC0-301F-11D3-BF4B-00C04F79EFBC}") = "Cinemachine", "Cinemachine.csproj", "{A10DCFDB-08BB-23D4-3C63-9A2BE540BFBC}"
EndProject
Project("{FAE04EC0-301F-11D3-BF4B-00C04F79EFBC}") = "Unity.Timeline", "Unity.Timeline.csproj", "{8B586605-10A1-3CD0-F5AC-6B0973CB5E8C}"
EndProject
Project("{FAE04EC0-301F-11D3-BF4B-00C04F79EFBC}") = "Unity.Postprocessing.Runtime", "Unity.Postprocessing.Runtime.csproj", "{048E940D-98E1-A0CD-2526-528688488785}"
EndProject
Project("{FAE04EC0-301F-11D3-BF4B-00C04F79EFBC}") = "UnityEngine.Purchasing", "UnityEngine.Purchasing.csproj", "{FEC3FDA0-3ACF-143B-F6F7-DD44F642E3D3}"
EndProject
Project("{FAE04EC0-301F-11D3-BF4B-00C04F79EFBC}") = "Assembly-CSharp", "Assembly-CSharp.csproj", "{3A982963-227A-0CD7-44E0-E455EDD7C6DF}"
EndProject
Project("{FAE04EC0-301F-11D3-BF4B-00C04F79EFBC}") = "UnityEngine.Purchasing.SecurityStub", "UnityEngine.Purchasing.SecurityStub.csproj", "{2D2CA58B-5AEB-BA3B-B2DD-1A0C3A3BB607}"
EndProject
Project("{FAE04EC0-301F-11D3-BF4B-00C04F79EFBC}") = "Purchasing.Common", "Purchasing.Common.csproj", "{90EA8233-4065-EE17-4D77-DBE3854FFD11}"
EndProject
Project("{FAE04EC0-301F-11D3-BF4B-00C04F79EFBC}") = "UnityEngine.Purchasing.SecurityCore", "UnityEngine.Purchasing.SecurityCore.csproj", "{D4B49B18-D597-8555-6BB0-746C1EB6B9B9}"
EndProject
Project("{FAE04EC0-301F-11D3-BF4B-00C04F79EFBC}") = "UnityEngine.Purchasing.WinRTStub", "UnityEngine.Purchasing.WinRTStub.csproj", "{EC42FE4E-D04A-8CEB-B2AB-F7E59EFEFAB8}"
EndProject
Project("{FAE04EC0-301F-11D3-BF4B-00C04F79EFBC}") = "UnityEngine.Purchasing.AppleMacosStub", "UnityEngine.Purchasing.AppleMacosStub.csproj", "{6D241D84-223C-AD0D-B0C8-FACD3FA2E158}"
EndProject
Project("{FAE04EC0-301F-11D3-BF4B-00C04F79EFBC}") = "Unity.RenderPipelines.Core.ShaderLibrary", "Unity.RenderPipelines.Core.ShaderLibrary.csproj", "{8D7921E8-954B-BEC4-A635-C2E222175C9C}"
EndProject
Project("{FAE04EC0-301F-11D3-BF4B-00C04F79EFBC}") = "Unity.Analytics.DataPrivacy", "Unity.Analytics.DataPrivacy.csproj", "{C0D4C5D0-9A3E-94C1-C9E5-6BE69FCB14AA}"
EndProject
Project("{FAE04EC0-301F-11D3-BF4B-00C04F79EFBC}") = "UnityEngine.SpatialTracking", "UnityEngine.SpatialTracking.csproj", "{F341DA46-9615-B854-C6C5-C66D30B7CC1F}"
EndProject
Project("{FAE04EC0-301F-11D3-BF4B-00C04F79EFBC}") = "Unity.RenderPipeline.Universal.ShaderLibrary", "Unity.RenderPipeline.Universal.ShaderLibrary.csproj", "{D46312C4-0DDE-E471-6523-F559D4885DCA}"
EndProject
Project("{FAE04EC0-301F-11D3-BF4B-00C04F79EFBC}") = "UnityEngine.Purchasing.Codeless", "UnityEngine.Purchasing.Codeless.csproj", "{BB97DCF1-27D1-7092-94E3-90D228F04F1A}"
EndProject
Project("{FAE04EC0-301F-11D3-BF4B-00C04F79EFBC}") = "UnityEngine.Purchasing.AppleStub", "UnityEngine.Purchasing.AppleStub.csproj", "{A940731F-CEA2-19DE-4AC2-C90D04CF3EDA}"
EndProject
Project("{FAE04EC0-301F-11D3-BF4B-00C04F79EFBC}") = "Unity.RenderPipelines.Universal.Shaders", "Unity.RenderPipelines.Universal.Shaders.csproj", "{53D60271-DF81-B714-1F26-7A979B13747F}"
EndProject
Project("{FAE04EC0-301F-11D3-BF4B-00C04F79EFBC}") = "Unity.RenderPipelines.ShaderGraph.ShaderGraphLibrary", "Unity.RenderPipelines.ShaderGraph.ShaderGraphLibrary.csproj", "{78FCEE82-7224-048E-9283-47C932882B17}"
EndProject
Project("{FAE04EC0-301F-11D3-BF4B-00C04F79EFBC}") = "Unity.PlasticSCM.Editor", "Unity.PlasticSCM.Editor.csproj", "{2E4E9F7E-609E-2C7F-2654-0AC1E1DB6332}"
EndProject
Project("{FAE04EC0-301F-11D3-BF4B-00C04F79EFBC}") = "Unity.ShaderGraph.Editor", "Unity.ShaderGraph.Editor.csproj", "{6A937954-B619-D051-ADF2-80C7AA0CEE4A}"
EndProject
Project("{FAE04EC0-301F-11D3-BF4B-00C04F79EFBC}") = "Unity.VisualStudio.Editor", "Unity.VisualStudio.Editor.csproj", "{778D53BD-17DF-7B20-B74E-312FB45C19AC}"
EndProject
Project("{FAE04EC0-301F-11D3-BF4B-00C04F79EFBC}") = "Unity.Timeline.Editor", "Unity.Timeline.Editor.csproj", "{645258FC-4A33-F88D-05B8-5D62A3ACC800}"
EndProject
Project("{FAE04EC0-301F-11D3-BF4B-00C04F79EFBC}") = "com.unity.cinemachine.editor", "com.unity.cinemachine.editor.csproj", "{89BB6E63-2829-7CEB-C519-74FAFEC2C6D1}"
EndProject
Project("{FAE04EC0-301F-11D3-BF4B-00C04F79EFBC}") = "Unity.TextMeshPro.Editor", "Unity.TextMeshPro.Editor.csproj", "{827E0C8A-774F-9066-79CC-E6FE7E85FBC9}"
EndProject
Project("{FAE04EC0-301F-11D3-BF4B-00C04F79EFBC}") = "Unity.CollabProxy.Editor", "Unity.CollabProxy.Editor.csproj", "{C658FFEC-9E21-2236-B493-B261C68413CD}"
EndProject
Project("{FAE04EC0-301F-11D3-BF4B-00C04F79EFBC}") = "Unity.Postprocessing.Editor", "Unity.Postprocessing.Editor.csproj", "{3CFEFEA8-7370-EF5E-220D-6420729513AB}"
EndProject
Project("{FAE04EC0-301F-11D3-BF4B-00C04F79EFBC}") = "UnityEditor.TestRunner", "UnityEditor.TestRunner.csproj", "{10B6ED8C-C398-A05E-62C3-1689F09B528B}"
EndProject
Project("{FAE04EC0-301F-11D3-BF4B-00C04F79EFBC}") = "UnityEngine.Advertisements.Editor", "UnityEngine.Advertisements.Editor.csproj", "{61C53AA8-4E90-AB3C-C6C8-5AF449FFB791}"
EndProject
Project("{FAE04EC0-301F-11D3-BF4B-00C04F79EFBC}") = "Unity.Rider.Editor", "Unity.Rider.Editor.csproj", "{0EB55D99-38F1-720B-5B11-ADB1FF181BE2}"
EndProject
Project("{FAE04EC0-301F-11D3-BF4B-00C04F79EFBC}") = "Unity.RenderPipelines.Universal.Editor", "Unity.RenderPipelines.Universal.Editor.csproj", "{4347DDEC-C48A-5A2D-9197-4DCF2116E33D}"
EndProject
Project("{FAE04EC0-301F-11D3-BF4B-00C04F79EFBC}") = "Unity.Services.Core.Editor", "Unity.Services.Core.Editor.csproj", "{9EDD7F50-C956-D792-442D-260E0861E0A1}"
EndProject
Project("{FAE04EC0-301F-11D3-BF4B-00C04F79EFBC}") = "UnityEngine.Advertisements.DevX.Editor", "UnityEngine.Advertisements.DevX.Editor.csproj", "{CA6333D4-BDD1-8CC2-1034-C98AAB1AE47E}"
EndProject
Project("{FAE04EC0-301F-11D3-BF4B-00C04F79EFBC}") = "Unity.RenderPipelines.Core.Editor", "Unity.RenderPipelines.Core.Editor.csproj", "{553071C1-869A-AF57-C88C-9F417D6688D1}"
EndProject
Project("{FAE04EC0-301F-11D3-BF4B-00C04F79EFBC}") = "Unity.Searcher.Editor", "Unity.Searcher.Editor.csproj", "{D32DBE46-3F0C-E8DF-19E6-44730A872F3A}"
EndProject
Project("{FAE04EC0-301F-11D3-BF4B-00C04F79EFBC}") = "UnityEditor.Purchasing", "UnityEditor.Purchasing.csproj", "{9B9A3F23-8204-DBC8-6BD8-5DE0AAE0AA87}"
EndProject
Project("{FAE04EC0-301F-11D3-BF4B-00C04F79EFBC}") = "Unity.2D.Tilemap.Editor", "Unity.2D.Tilemap.Editor.csproj", "{779E53CB-1381-9AC7-FB61-BF3C2DF996FB}"
EndProject
Project("{FAE04EC0-301F-11D3-BF4B-00C04F79EFBC}") = "Unity.VSCode.Editor", "Unity.VSCode.Editor.csproj", "{557DDF88-FBB6-FEA4-28E5-3EA05EE09AA9}"
EndProject
Project("{FAE04EC0-301F-11D3-BF4B-00C04F79EFBC}") = "Unity.2D.Sprite.Editor", "Unity.2D.Sprite.Editor.csproj", "{B9CA1199-7A2A-0CF8-A40E-E4E0D93E22F2}"
EndProject
Project("{FAE04EC0-301F-11D3-BF4B-00C04F79EFBC}") = "UnityEditor.UI", "UnityEditor.UI.csproj", "{64FDDA59-1211-CE8B-7451-30B6225AE618}"
EndProject
Project("{FAE04EC0-301F-11D3-BF4B-00C04F79EFBC}") = "UnityEditor.SpatialTracking", "UnityEditor.SpatialTracking.csproj", "{E79CCFFE-78EF-736F-1C4B-5FE7D119BFA2}"
EndProject
Project("{FAE04EC0-301F-11D3-BF4B-00C04F79EFBC}") = "Unity.Mathematics.Editor", "Unity.Mathematics.Editor.csproj", "{4B180BAE-8122-AC0E-115B-15094E21FF0B}"
EndProject
Project("{FAE04EC0-301F-11D3-BF4B-00C04F79EFBC}") = "UnityEditor.XR.LegacyInputHelpers", "UnityEditor.XR.LegacyInputHelpers.csproj", "{DF2A5634-B0F1-8104-3E72-172643387E17}"
EndProject
Project("{FAE04EC0-301F-11D3-BF4B-00C04F79EFBC}") = "Unity.ShaderGraph.Utilities", "Unity.ShaderGraph.Utilities.csproj", "{2B0A302D-3BDB-2378-DD9A-6D47C0CF478D}"
EndProject
Project("{FAE04EC0-301F-11D3-BF4B-00C04F79EFBC}") = "Analytics", "Analytics.csproj", "{0C0D17A6-D9BF-66BF-9DDA-F8969F21F95F}"
EndProject
Project("{FAE04EC0-301F-11D3-BF4B-00C04F79EFBC}") = "UnityEngine.UI", "UnityEngine.UI.Player.csproj", "{62613B9A-ECAA-F386-A2EB-21274AE76444}"
EndProject
Project("{FAE04EC0-301F-11D3-BF4B-00C04F79EFBC}") = "Unity.RenderPipelines.Core.Runtime", "Unity.RenderPipelines.Core.Runtime.Player.csproj", "{A7D39D6A-BACA-77A2-D67C-685AC10C55AF}"
EndProject
Project("{FAE04EC0-301F-11D3-BF4B-00C04F79EFBC}") = "UnityEngine.TestRunner", "UnityEngine.TestRunner.Player.csproj", "{86092483-C88F-8C19-85B5-91A74BC5E0B9}"
EndProject
Project("{FAE04EC0-301F-11D3-BF4B-00C04F79EFBC}") = "Unity.Mathematics", "Unity.Mathematics.Player.csproj", "{FB0AB3A0-BB78-78B1-6F5E-467F47A1BF32}"
EndProject
Project("{FAE04EC0-301F-11D3-BF4B-00C04F79EFBC}") = "UnityEngine.Purchasing.WinRTCore", "UnityEngine.Purchasing.WinRTCore.Player.csproj", "{80D29C89-C606-B276-E009-69F0B8F2A183}"
EndProject
Project("{FAE04EC0-301F-11D3-BF4B-00C04F79EFBC}") = "Unity.RenderPipelines.Universal.Runtime", "Unity.RenderPipelines.Universal.Runtime.Player.csproj", "{5014B64A-83DD-54DB-32D5-6D4F99157A62}"
EndProject
Project("{FAE04EC0-301F-11D3-BF4B-00C04F79EFBC}") = "UnityEngine.XR.LegacyInputHelpers", "UnityEngine.XR.LegacyInputHelpers.Player.csproj", "{00F3EF96-BBB0-B2EE-3353-52C6BB50E38B}"
EndProject
Project("{FAE04EC0-301F-11D3-BF4B-00C04F79EFBC}") = "UnityEngine.Monetization", "UnityEngine.Monetization.Player.csproj", "{1B83A146-6BC7-E0A1-6E4F-869E6C130ABA}"
EndProject
Project("{FAE04EC0-301F-11D3-BF4B-00C04F79EFBC}") = "UnityEngine.Purchasing.AppleCore", "UnityEngine.Purchasing.AppleCore.Player.csproj", "{AB18C89E-45D8-7C29-8C5C-53E85644A657}"
EndProject
Project("{FAE04EC0-301F-11D3-BF4B-00C04F79EFBC}") = "Unity.TextMeshPro", "Unity.TextMeshPro.Player.csproj", "{04066BD2-D5AF-53D3-48EF-0A2590507E94}"
EndProject
Project("{FAE04EC0-301F-11D3-BF4B-00C04F79EFBC}") = "UnityEngine.Advertisements", "UnityEngine.Advertisements.Player.csproj", "{E3ED1A8B-A203-DD7F-57D9-C2B1C942A34D}"
EndProject
Project("{FAE04EC0-301F-11D3-BF4B-00C04F79EFBC}") = "UnityEngine.Purchasing.Stores", "UnityEngine.Purchasing.Stores.Player.csproj", "{2282A9B3-D39D-CA72-B103-63173390DE7E}"
EndProject
Project("{FAE04EC0-301F-11D3-BF4B-00C04F79EFBC}") = "Cinemachine", "Cinemachine.Player.csproj", "{FEA076C6-6951-BAD3-6F14-E7CCBCEEB9CF}"
EndProject
Project("{FAE04EC0-301F-11D3-BF4B-00C04F79EFBC}") = "Unity.Timeline", "Unity.Timeline.Player.csproj", "{60385D35-11C7-2D98-3418-1E36B84DB52E}"
EndProject
Project("{FAE04EC0-301F-11D3-BF4B-00C04F79EFBC}") = "Unity.Postprocessing.Runtime", "Unity.Postprocessing.Runtime.Player.csproj", "{FFB82257-D86E-34BC-3AB3-D3E200D57D3D}"
EndProject
Project("{FAE04EC0-301F-11D3-BF4B-00C04F79EFBC}") = "UnityEngine.Purchasing", "UnityEngine.Purchasing.Player.csproj", "{EB1E5C4A-3966-77EE-2A05-6EBCB6371FC5}"
EndProject
Project("{FAE04EC0-301F-11D3-BF4B-00C04F79EFBC}") = "Assembly-CSharp", "Assembly-CSharp.Player.csproj", "{34FE5783-F07F-6306-4C79-EA94BEC6C127}"
EndProject
Project("{FAE04EC0-301F-11D3-BF4B-00C04F79EFBC}") = "UnityEngine.Purchasing.SecurityStub", "UnityEngine.Purchasing.SecurityStub.Player.csproj", "{28350BA0-3750-3B2C-129E-825C6D1F1CD9}"
EndProject
Project("{FAE04EC0-301F-11D3-BF4B-00C04F79EFBC}") = "Purchasing.Common", "Purchasing.Common.Player.csproj", "{90FC00D3-9BAF-79F1-F0D1-468BEF95CFB7}"
EndProject
Project("{FAE04EC0-301F-11D3-BF4B-00C04F79EFBC}") = "UnityEngine.Purchasing.SecurityCore", "UnityEngine.Purchasing.SecurityCore.Player.csproj", "{AB85BF18-CF1B-AE93-BC32-4A34D732E18E}"
EndProject
Project("{FAE04EC0-301F-11D3-BF4B-00C04F79EFBC}") = "UnityEngine.Purchasing.WinRTStub", "UnityEngine.Purchasing.WinRTStub.Player.csproj", "{E08EBD31-5B4B-75BF-A19A-45CA733B19E6}"
EndProject
Project("{FAE04EC0-301F-11D3-BF4B-00C04F79EFBC}") = "UnityEngine.Purchasing.AppleMacosStub", "UnityEngine.Purchasing.AppleMacosStub.Player.csproj", "{5D359575-5CC3-D106-F2CA-E3FD1CC4886B}"
EndProject
Project("{FAE04EC0-301F-11D3-BF4B-00C04F79EFBC}") = "Unity.RenderPipelines.Core.ShaderLibrary", "Unity.RenderPipelines.Core.ShaderLibrary.Player.csproj", "{8F04E5A9-C429-EEC2-2910-283A35917B11}"
EndProject
Project("{FAE04EC0-301F-11D3-BF4B-00C04F79EFBC}") = "Unity.Analytics.DataPrivacy", "Unity.Analytics.DataPrivacy.Player.csproj", "{CD54C47D-AA1B-85E7-220C-01848C216081}"
EndProject
Project("{FAE04EC0-301F-11D3-BF4B-00C04F79EFBC}") = "UnityEngine.SpatialTracking", "UnityEngine.SpatialTracking.Player.csproj", "{8C5B63C6-BEE6-B584-205F-6415D00E22BA}"
EndProject
Project("{FAE04EC0-301F-11D3-BF4B-00C04F79EFBC}") = "Unity.RenderPipeline.Universal.ShaderLibrary", "Unity.RenderPipeline.Universal.ShaderLibrary.Player.csproj", "{F95E4997-7F98-93E4-B2F7-869EC3B7280D}"
EndProject
Project("{FAE04EC0-301F-11D3-BF4B-00C04F79EFBC}") = "UnityEngine.Purchasing.Codeless", "UnityEngine.Purchasing.Codeless.Player.csproj", "{6D5A2034-6776-5FA4-0898-2B6BE3052DAB}"
EndProject
Project("{FAE04EC0-301F-11D3-BF4B-00C04F79EFBC}") = "UnityEngine.Purchasing.AppleStub", "UnityEngine.Purchasing.AppleStub.Player.csproj", "{5C18A52B-923E-5AC6-588C-09CD730EE8D4}"
EndProject
Project("{FAE04EC0-301F-11D3-BF4B-00C04F79EFBC}") = "Unity.RenderPipelines.Universal.Shaders", "Unity.RenderPipelines.Universal.Shaders.Player.csproj", "{055BA039-8BA4-A30C-00B7-ACAF9FF79970}"
EndProject
Project("{FAE04EC0-301F-11D3-BF4B-00C04F79EFBC}") = "Unity.RenderPipelines.ShaderGraph.ShaderGraphLibrary", "Unity.RenderPipelines.ShaderGraph.ShaderGraphLibrary.Player.csproj", "{9948328C-ECEA-EFAC-E449-A6AE5B87F5FE}"
EndProject
Global
	GlobalSection(SolutionConfigurationPlatforms) = preSolution
		Debug|Any CPU = Debug|Any CPU
		Release|Any CPU = Release|Any CPU
	EndGlobalSection
	GlobalSection(ProjectConfigurationPlatforms) = postSolution
		{91B31B7D-3E17-2215-39D8-3FB7B7C597DD}.Debug|Any CPU.ActiveCfg = Debug|Any CPU
		{91B31B7D-3E17-2215-39D8-3FB7B7C597DD}.Debug|Any CPU.Build.0 = Debug|Any CPU
		{91B31B7D-3E17-2215-39D8-3FB7B7C597DD}.Release|Any CPU.ActiveCfg = Release|Any CPU
		{91B31B7D-3E17-2215-39D8-3FB7B7C597DD}.Release|Any CPU.Build.0 = Release|Any CPU
		{49F78F4E-C0C0-3D57-3A0B-ED5AF2461ACE}.Debug|Any CPU.ActiveCfg = Debug|Any CPU
		{49F78F4E-C0C0-3D57-3A0B-ED5AF2461ACE}.Debug|Any CPU.Build.0 = Debug|Any CPU
		{49F78F4E-C0C0-3D57-3A0B-ED5AF2461ACE}.Release|Any CPU.ActiveCfg = Release|Any CPU
		{49F78F4E-C0C0-3D57-3A0B-ED5AF2461ACE}.Release|Any CPU.Build.0 = Release|Any CPU
		{101D660B-C45D-B0B2-1424-109FB876CD51}.Debug|Any CPU.ActiveCfg = Debug|Any CPU
		{101D660B-C45D-B0B2-1424-109FB876CD51}.Debug|Any CPU.Build.0 = Debug|Any CPU
		{101D660B-C45D-B0B2-1424-109FB876CD51}.Release|Any CPU.ActiveCfg = Release|Any CPU
		{101D660B-C45D-B0B2-1424-109FB876CD51}.Release|Any CPU.Build.0 = Release|Any CPU
		{65AE1CF5-120A-5E76-C7B0-4A588A3FD4C6}.Debug|Any CPU.ActiveCfg = Debug|Any CPU
		{65AE1CF5-120A-5E76-C7B0-4A588A3FD4C6}.Debug|Any CPU.Build.0 = Debug|Any CPU
		{65AE1CF5-120A-5E76-C7B0-4A588A3FD4C6}.Release|Any CPU.ActiveCfg = Release|Any CPU
		{65AE1CF5-120A-5E76-C7B0-4A588A3FD4C6}.Release|Any CPU.Build.0 = Release|Any CPU
		{D446576B-E8F3-9CD1-EE72-110EAA96A3A4}.Debug|Any CPU.ActiveCfg = Debug|Any CPU
		{D446576B-E8F3-9CD1-EE72-110EAA96A3A4}.Debug|Any CPU.Build.0 = Debug|Any CPU
		{D446576B-E8F3-9CD1-EE72-110EAA96A3A4}.Release|Any CPU.ActiveCfg = Release|Any CPU
		{D446576B-E8F3-9CD1-EE72-110EAA96A3A4}.Release|Any CPU.Build.0 = Release|Any CPU
		{CC414E9C-7599-23EE-EB9B-080938B66319}.Debug|Any CPU.ActiveCfg = Debug|Any CPU
		{CC414E9C-7599-23EE-EB9B-080938B66319}.Debug|Any CPU.Build.0 = Debug|Any CPU
		{CC414E9C-7599-23EE-EB9B-080938B66319}.Release|Any CPU.ActiveCfg = Release|Any CPU
		{CC414E9C-7599-23EE-EB9B-080938B66319}.Release|Any CPU.Build.0 = Release|Any CPU
		{5E67A015-35F7-8473-2A75-0D33E76F2133}.Debug|Any CPU.ActiveCfg = Debug|Any CPU
		{5E67A015-35F7-8473-2A75-0D33E76F2133}.Debug|Any CPU.Build.0 = Debug|Any CPU
		{5E67A015-35F7-8473-2A75-0D33E76F2133}.Release|Any CPU.ActiveCfg = Release|Any CPU
		{5E67A015-35F7-8473-2A75-0D33E76F2133}.Release|Any CPU.Build.0 = Release|Any CPU
		{3E70C0D7-1FA5-D0F2-FC16-9678556CCBBF}.Debug|Any CPU.ActiveCfg = Debug|Any CPU
		{3E70C0D7-1FA5-D0F2-FC16-9678556CCBBF}.Debug|Any CPU.Build.0 = Debug|Any CPU
		{3E70C0D7-1FA5-D0F2-FC16-9678556CCBBF}.Release|Any CPU.ActiveCfg = Release|Any CPU
		{3E70C0D7-1FA5-D0F2-FC16-9678556CCBBF}.Release|Any CPU.Build.0 = Release|Any CPU
		{68944458-D7A8-3055-3F11-36F47BA40ECD}.Debug|Any CPU.ActiveCfg = Debug|Any CPU
		{68944458-D7A8-3055-3F11-36F47BA40ECD}.Debug|Any CPU.Build.0 = Debug|Any CPU
		{68944458-D7A8-3055-3F11-36F47BA40ECD}.Release|Any CPU.ActiveCfg = Release|Any CPU
		{68944458-D7A8-3055-3F11-36F47BA40ECD}.Release|Any CPU.Build.0 = Release|Any CPU
		{3A9CAD96-BE4B-6084-D406-2E56AF50F880}.Debug|Any CPU.ActiveCfg = Debug|Any CPU
		{3A9CAD96-BE4B-6084-D406-2E56AF50F880}.Debug|Any CPU.Build.0 = Debug|Any CPU
		{3A9CAD96-BE4B-6084-D406-2E56AF50F880}.Release|Any CPU.ActiveCfg = Release|Any CPU
		{3A9CAD96-BE4B-6084-D406-2E56AF50F880}.Release|Any CPU.Build.0 = Release|Any CPU
		{B27B6107-D196-5232-4E87-58928F5FC57D}.Debug|Any CPU.ActiveCfg = Debug|Any CPU
		{B27B6107-D196-5232-4E87-58928F5FC57D}.Debug|Any CPU.Build.0 = Debug|Any CPU
		{B27B6107-D196-5232-4E87-58928F5FC57D}.Release|Any CPU.ActiveCfg = Release|Any CPU
		{B27B6107-D196-5232-4E87-58928F5FC57D}.Release|Any CPU.Build.0 = Release|Any CPU
		{CD4FA87E-EAFA-56B5-21E5-BD1581ACC116}.Debug|Any CPU.ActiveCfg = Debug|Any CPU
		{CD4FA87E-EAFA-56B5-21E5-BD1581ACC116}.Debug|Any CPU.Build.0 = Debug|Any CPU
		{CD4FA87E-EAFA-56B5-21E5-BD1581ACC116}.Release|Any CPU.ActiveCfg = Release|Any CPU
		{CD4FA87E-EAFA-56B5-21E5-BD1581ACC116}.Release|Any CPU.Build.0 = Release|Any CPU
		{A10DCFDB-08BB-23D4-3C63-9A2BE540BFBC}.Debug|Any CPU.ActiveCfg = Debug|Any CPU
		{A10DCFDB-08BB-23D4-3C63-9A2BE540BFBC}.Debug|Any CPU.Build.0 = Debug|Any CPU
		{A10DCFDB-08BB-23D4-3C63-9A2BE540BFBC}.Release|Any CPU.ActiveCfg = Release|Any CPU
		{A10DCFDB-08BB-23D4-3C63-9A2BE540BFBC}.Release|Any CPU.Build.0 = Release|Any CPU
		{8B586605-10A1-3CD0-F5AC-6B0973CB5E8C}.Debug|Any CPU.ActiveCfg = Debug|Any CPU
		{8B586605-10A1-3CD0-F5AC-6B0973CB5E8C}.Debug|Any CPU.Build.0 = Debug|Any CPU
		{8B586605-10A1-3CD0-F5AC-6B0973CB5E8C}.Release|Any CPU.ActiveCfg = Release|Any CPU
		{8B586605-10A1-3CD0-F5AC-6B0973CB5E8C}.Release|Any CPU.Build.0 = Release|Any CPU
		{048E940D-98E1-A0CD-2526-528688488785}.Debug|Any CPU.ActiveCfg = Debug|Any CPU
		{048E940D-98E1-A0CD-2526-528688488785}.Debug|Any CPU.Build.0 = Debug|Any CPU
		{048E940D-98E1-A0CD-2526-528688488785}.Release|Any CPU.ActiveCfg = Release|Any CPU
		{048E940D-98E1-A0CD-2526-528688488785}.Release|Any CPU.Build.0 = Release|Any CPU
		{FEC3FDA0-3ACF-143B-F6F7-DD44F642E3D3}.Debug|Any CPU.ActiveCfg = Debug|Any CPU
		{FEC3FDA0-3ACF-143B-F6F7-DD44F642E3D3}.Debug|Any CPU.Build.0 = Debug|Any CPU
		{FEC3FDA0-3ACF-143B-F6F7-DD44F642E3D3}.Release|Any CPU.ActiveCfg = Release|Any CPU
		{FEC3FDA0-3ACF-143B-F6F7-DD44F642E3D3}.Release|Any CPU.Build.0 = Release|Any CPU
		{3A982963-227A-0CD7-44E0-E455EDD7C6DF}.Debug|Any CPU.ActiveCfg = Debug|Any CPU
		{3A982963-227A-0CD7-44E0-E455EDD7C6DF}.Debug|Any CPU.Build.0 = Debug|Any CPU
		{3A982963-227A-0CD7-44E0-E455EDD7C6DF}.Release|Any CPU.ActiveCfg = Release|Any CPU
		{3A982963-227A-0CD7-44E0-E455EDD7C6DF}.Release|Any CPU.Build.0 = Release|Any CPU
		{2D2CA58B-5AEB-BA3B-B2DD-1A0C3A3BB607}.Debug|Any CPU.ActiveCfg = Debug|Any CPU
		{2D2CA58B-5AEB-BA3B-B2DD-1A0C3A3BB607}.Debug|Any CPU.Build.0 = Debug|Any CPU
		{2D2CA58B-5AEB-BA3B-B2DD-1A0C3A3BB607}.Release|Any CPU.ActiveCfg = Release|Any CPU
		{2D2CA58B-5AEB-BA3B-B2DD-1A0C3A3BB607}.Release|Any CPU.Build.0 = Release|Any CPU
		{90EA8233-4065-EE17-4D77-DBE3854FFD11}.Debug|Any CPU.ActiveCfg = Debug|Any CPU
		{90EA8233-4065-EE17-4D77-DBE3854FFD11}.Debug|Any CPU.Build.0 = Debug|Any CPU
		{90EA8233-4065-EE17-4D77-DBE3854FFD11}.Release|Any CPU.ActiveCfg = Release|Any CPU
		{90EA8233-4065-EE17-4D77-DBE3854FFD11}.Release|Any CPU.Build.0 = Release|Any CPU
		{D4B49B18-D597-8555-6BB0-746C1EB6B9B9}.Debug|Any CPU.ActiveCfg = Debug|Any CPU
		{D4B49B18-D597-8555-6BB0-746C1EB6B9B9}.Debug|Any CPU.Build.0 = Debug|Any CPU
		{D4B49B18-D597-8555-6BB0-746C1EB6B9B9}.Release|Any CPU.ActiveCfg = Release|Any CPU
		{D4B49B18-D597-8555-6BB0-746C1EB6B9B9}.Release|Any CPU.Build.0 = Release|Any CPU
		{EC42FE4E-D04A-8CEB-B2AB-F7E59EFEFAB8}.Debug|Any CPU.ActiveCfg = Debug|Any CPU
		{EC42FE4E-D04A-8CEB-B2AB-F7E59EFEFAB8}.Debug|Any CPU.Build.0 = Debug|Any CPU
		{EC42FE4E-D04A-8CEB-B2AB-F7E59EFEFAB8}.Release|Any CPU.ActiveCfg = Release|Any CPU
		{EC42FE4E-D04A-8CEB-B2AB-F7E59EFEFAB8}.Release|Any CPU.Build.0 = Release|Any CPU
		{6D241D84-223C-AD0D-B0C8-FACD3FA2E158}.Debug|Any CPU.ActiveCfg = Debug|Any CPU
		{6D241D84-223C-AD0D-B0C8-FACD3FA2E158}.Debug|Any CPU.Build.0 = Debug|Any CPU
		{6D241D84-223C-AD0D-B0C8-FACD3FA2E158}.Release|Any CPU.ActiveCfg = Release|Any CPU
		{6D241D84-223C-AD0D-B0C8-FACD3FA2E158}.Release|Any CPU.Build.0 = Release|Any CPU
		{8D7921E8-954B-BEC4-A635-C2E222175C9C}.Debug|Any CPU.ActiveCfg = Debug|Any CPU
		{8D7921E8-954B-BEC4-A635-C2E222175C9C}.Debug|Any CPU.Build.0 = Debug|Any CPU
		{8D7921E8-954B-BEC4-A635-C2E222175C9C}.Release|Any CPU.ActiveCfg = Release|Any CPU
		{8D7921E8-954B-BEC4-A635-C2E222175C9C}.Release|Any CPU.Build.0 = Release|Any CPU
		{C0D4C5D0-9A3E-94C1-C9E5-6BE69FCB14AA}.Debug|Any CPU.ActiveCfg = Debug|Any CPU
		{C0D4C5D0-9A3E-94C1-C9E5-6BE69FCB14AA}.Debug|Any CPU.Build.0 = Debug|Any CPU
		{C0D4C5D0-9A3E-94C1-C9E5-6BE69FCB14AA}.Release|Any CPU.ActiveCfg = Release|Any CPU
		{C0D4C5D0-9A3E-94C1-C9E5-6BE69FCB14AA}.Release|Any CPU.Build.0 = Release|Any CPU
		{F341DA46-9615-B854-C6C5-C66D30B7CC1F}.Debug|Any CPU.ActiveCfg = Debug|Any CPU
		{F341DA46-9615-B854-C6C5-C66D30B7CC1F}.Debug|Any CPU.Build.0 = Debug|Any CPU
		{F341DA46-9615-B854-C6C5-C66D30B7CC1F}.Release|Any CPU.ActiveCfg = Release|Any CPU
		{F341DA46-9615-B854-C6C5-C66D30B7CC1F}.Release|Any CPU.Build.0 = Release|Any CPU
		{D46312C4-0DDE-E471-6523-F559D4885DCA}.Debug|Any CPU.ActiveCfg = Debug|Any CPU
		{D46312C4-0DDE-E471-6523-F559D4885DCA}.Debug|Any CPU.Build.0 = Debug|Any CPU
		{D46312C4-0DDE-E471-6523-F559D4885DCA}.Release|Any CPU.ActiveCfg = Release|Any CPU
		{D46312C4-0DDE-E471-6523-F559D4885DCA}.Release|Any CPU.Build.0 = Release|Any CPU
		{BB97DCF1-27D1-7092-94E3-90D228F04F1A}.Debug|Any CPU.ActiveCfg = Debug|Any CPU
		{BB97DCF1-27D1-7092-94E3-90D228F04F1A}.Debug|Any CPU.Build.0 = Debug|Any CPU
		{BB97DCF1-27D1-7092-94E3-90D228F04F1A}.Release|Any CPU.ActiveCfg = Release|Any CPU
		{BB97DCF1-27D1-7092-94E3-90D228F04F1A}.Release|Any CPU.Build.0 = Release|Any CPU
		{A940731F-CEA2-19DE-4AC2-C90D04CF3EDA}.Debug|Any CPU.ActiveCfg = Debug|Any CPU
		{A940731F-CEA2-19DE-4AC2-C90D04CF3EDA}.Debug|Any CPU.Build.0 = Debug|Any CPU
		{A940731F-CEA2-19DE-4AC2-C90D04CF3EDA}.Release|Any CPU.ActiveCfg = Release|Any CPU
		{A940731F-CEA2-19DE-4AC2-C90D04CF3EDA}.Release|Any CPU.Build.0 = Release|Any CPU
		{53D60271-DF81-B714-1F26-7A979B13747F}.Debug|Any CPU.ActiveCfg = Debug|Any CPU
		{53D60271-DF81-B714-1F26-7A979B13747F}.Debug|Any CPU.Build.0 = Debug|Any CPU
		{53D60271-DF81-B714-1F26-7A979B13747F}.Release|Any CPU.ActiveCfg = Release|Any CPU
		{53D60271-DF81-B714-1F26-7A979B13747F}.Release|Any CPU.Build.0 = Release|Any CPU
		{78FCEE82-7224-048E-9283-47C932882B17}.Debug|Any CPU.ActiveCfg = Debug|Any CPU
		{78FCEE82-7224-048E-9283-47C932882B17}.Debug|Any CPU.Build.0 = Debug|Any CPU
		{78FCEE82-7224-048E-9283-47C932882B17}.Release|Any CPU.ActiveCfg = Release|Any CPU
		{78FCEE82-7224-048E-9283-47C932882B17}.Release|Any CPU.Build.0 = Release|Any CPU
		{2E4E9F7E-609E-2C7F-2654-0AC1E1DB6332}.Debug|Any CPU.ActiveCfg = Debug|Any CPU
		{2E4E9F7E-609E-2C7F-2654-0AC1E1DB6332}.Debug|Any CPU.Build.0 = Debug|Any CPU
		{2E4E9F7E-609E-2C7F-2654-0AC1E1DB6332}.Release|Any CPU.ActiveCfg = Release|Any CPU
		{2E4E9F7E-609E-2C7F-2654-0AC1E1DB6332}.Release|Any CPU.Build.0 = Release|Any CPU
		{6A937954-B619-D051-ADF2-80C7AA0CEE4A}.Debug|Any CPU.ActiveCfg = Debug|Any CPU
		{6A937954-B619-D051-ADF2-80C7AA0CEE4A}.Debug|Any CPU.Build.0 = Debug|Any CPU
		{6A937954-B619-D051-ADF2-80C7AA0CEE4A}.Release|Any CPU.ActiveCfg = Release|Any CPU
		{6A937954-B619-D051-ADF2-80C7AA0CEE4A}.Release|Any CPU.Build.0 = Release|Any CPU
		{778D53BD-17DF-7B20-B74E-312FB45C19AC}.Debug|Any CPU.ActiveCfg = Debug|Any CPU
		{778D53BD-17DF-7B20-B74E-312FB45C19AC}.Debug|Any CPU.Build.0 = Debug|Any CPU
		{778D53BD-17DF-7B20-B74E-312FB45C19AC}.Release|Any CPU.ActiveCfg = Release|Any CPU
		{778D53BD-17DF-7B20-B74E-312FB45C19AC}.Release|Any CPU.Build.0 = Release|Any CPU
		{645258FC-4A33-F88D-05B8-5D62A3ACC800}.Debug|Any CPU.ActiveCfg = Debug|Any CPU
		{645258FC-4A33-F88D-05B8-5D62A3ACC800}.Debug|Any CPU.Build.0 = Debug|Any CPU
		{645258FC-4A33-F88D-05B8-5D62A3ACC800}.Release|Any CPU.ActiveCfg = Release|Any CPU
		{645258FC-4A33-F88D-05B8-5D62A3ACC800}.Release|Any CPU.Build.0 = Release|Any CPU
		{89BB6E63-2829-7CEB-C519-74FAFEC2C6D1}.Debug|Any CPU.ActiveCfg = Debug|Any CPU
		{89BB6E63-2829-7CEB-C519-74FAFEC2C6D1}.Debug|Any CPU.Build.0 = Debug|Any CPU
		{89BB6E63-2829-7CEB-C519-74FAFEC2C6D1}.Release|Any CPU.ActiveCfg = Release|Any CPU
		{89BB6E63-2829-7CEB-C519-74FAFEC2C6D1}.Release|Any CPU.Build.0 = Release|Any CPU
		{827E0C8A-774F-9066-79CC-E6FE7E85FBC9}.Debug|Any CPU.ActiveCfg = Debug|Any CPU
		{827E0C8A-774F-9066-79CC-E6FE7E85FBC9}.Debug|Any CPU.Build.0 = Debug|Any CPU
		{827E0C8A-774F-9066-79CC-E6FE7E85FBC9}.Release|Any CPU.ActiveCfg = Release|Any CPU
		{827E0C8A-774F-9066-79CC-E6FE7E85FBC9}.Release|Any CPU.Build.0 = Release|Any CPU
		{C658FFEC-9E21-2236-B493-B261C68413CD}.Debug|Any CPU.ActiveCfg = Debug|Any CPU
		{C658FFEC-9E21-2236-B493-B261C68413CD}.Debug|Any CPU.Build.0 = Debug|Any CPU
		{C658FFEC-9E21-2236-B493-B261C68413CD}.Release|Any CPU.ActiveCfg = Release|Any CPU
		{C658FFEC-9E21-2236-B493-B261C68413CD}.Release|Any CPU.Build.0 = Release|Any CPU
		{3CFEFEA8-7370-EF5E-220D-6420729513AB}.Debug|Any CPU.ActiveCfg = Debug|Any CPU
		{3CFEFEA8-7370-EF5E-220D-6420729513AB}.Debug|Any CPU.Build.0 = Debug|Any CPU
		{3CFEFEA8-7370-EF5E-220D-6420729513AB}.Release|Any CPU.ActiveCfg = Release|Any CPU
		{3CFEFEA8-7370-EF5E-220D-6420729513AB}.Release|Any CPU.Build.0 = Release|Any CPU
		{10B6ED8C-C398-A05E-62C3-1689F09B528B}.Debug|Any CPU.ActiveCfg = Debug|Any CPU
		{10B6ED8C-C398-A05E-62C3-1689F09B528B}.Debug|Any CPU.Build.0 = Debug|Any CPU
		{10B6ED8C-C398-A05E-62C3-1689F09B528B}.Release|Any CPU.ActiveCfg = Release|Any CPU
		{10B6ED8C-C398-A05E-62C3-1689F09B528B}.Release|Any CPU.Build.0 = Release|Any CPU
		{61C53AA8-4E90-AB3C-C6C8-5AF449FFB791}.Debug|Any CPU.ActiveCfg = Debug|Any CPU
		{61C53AA8-4E90-AB3C-C6C8-5AF449FFB791}.Debug|Any CPU.Build.0 = Debug|Any CPU
		{61C53AA8-4E90-AB3C-C6C8-5AF449FFB791}.Release|Any CPU.ActiveCfg = Release|Any CPU
		{61C53AA8-4E90-AB3C-C6C8-5AF449FFB791}.Release|Any CPU.Build.0 = Release|Any CPU
		{0EB55D99-38F1-720B-5B11-ADB1FF181BE2}.Debug|Any CPU.ActiveCfg = Debug|Any CPU
		{0EB55D99-38F1-720B-5B11-ADB1FF181BE2}.Debug|Any CPU.Build.0 = Debug|Any CPU
		{0EB55D99-38F1-720B-5B11-ADB1FF181BE2}.Release|Any CPU.ActiveCfg = Release|Any CPU
		{0EB55D99-38F1-720B-5B11-ADB1FF181BE2}.Release|Any CPU.Build.0 = Release|Any CPU
		{4347DDEC-C48A-5A2D-9197-4DCF2116E33D}.Debug|Any CPU.ActiveCfg = Debug|Any CPU
		{4347DDEC-C48A-5A2D-9197-4DCF2116E33D}.Debug|Any CPU.Build.0 = Debug|Any CPU
		{4347DDEC-C48A-5A2D-9197-4DCF2116E33D}.Release|Any CPU.ActiveCfg = Release|Any CPU
		{4347DDEC-C48A-5A2D-9197-4DCF2116E33D}.Release|Any CPU.Build.0 = Release|Any CPU
		{9EDD7F50-C956-D792-442D-260E0861E0A1}.Debug|Any CPU.ActiveCfg = Debug|Any CPU
		{9EDD7F50-C956-D792-442D-260E0861E0A1}.Debug|Any CPU.Build.0 = Debug|Any CPU
		{9EDD7F50-C956-D792-442D-260E0861E0A1}.Release|Any CPU.ActiveCfg = Release|Any CPU
		{9EDD7F50-C956-D792-442D-260E0861E0A1}.Release|Any CPU.Build.0 = Release|Any CPU
		{CA6333D4-BDD1-8CC2-1034-C98AAB1AE47E}.Debug|Any CPU.ActiveCfg = Debug|Any CPU
		{CA6333D4-BDD1-8CC2-1034-C98AAB1AE47E}.Debug|Any CPU.Build.0 = Debug|Any CPU
		{CA6333D4-BDD1-8CC2-1034-C98AAB1AE47E}.Release|Any CPU.ActiveCfg = Release|Any CPU
		{CA6333D4-BDD1-8CC2-1034-C98AAB1AE47E}.Release|Any CPU.Build.0 = Release|Any CPU
		{553071C1-869A-AF57-C88C-9F417D6688D1}.Debug|Any CPU.ActiveCfg = Debug|Any CPU
		{553071C1-869A-AF57-C88C-9F417D6688D1}.Debug|Any CPU.Build.0 = Debug|Any CPU
		{553071C1-869A-AF57-C88C-9F417D6688D1}.Release|Any CPU.ActiveCfg = Release|Any CPU
		{553071C1-869A-AF57-C88C-9F417D6688D1}.Release|Any CPU.Build.0 = Release|Any CPU
		{D32DBE46-3F0C-E8DF-19E6-44730A872F3A}.Debug|Any CPU.ActiveCfg = Debug|Any CPU
		{D32DBE46-3F0C-E8DF-19E6-44730A872F3A}.Debug|Any CPU.Build.0 = Debug|Any CPU
		{D32DBE46-3F0C-E8DF-19E6-44730A872F3A}.Release|Any CPU.ActiveCfg = Release|Any CPU
		{D32DBE46-3F0C-E8DF-19E6-44730A872F3A}.Release|Any CPU.Build.0 = Release|Any CPU
		{9B9A3F23-8204-DBC8-6BD8-5DE0AAE0AA87}.Debug|Any CPU.ActiveCfg = Debug|Any CPU
		{9B9A3F23-8204-DBC8-6BD8-5DE0AAE0AA87}.Debug|Any CPU.Build.0 = Debug|Any CPU
		{9B9A3F23-8204-DBC8-6BD8-5DE0AAE0AA87}.Release|Any CPU.ActiveCfg = Release|Any CPU
		{9B9A3F23-8204-DBC8-6BD8-5DE0AAE0AA87}.Release|Any CPU.Build.0 = Release|Any CPU
		{779E53CB-1381-9AC7-FB61-BF3C2DF996FB}.Debug|Any CPU.ActiveCfg = Debug|Any CPU
		{779E53CB-1381-9AC7-FB61-BF3C2DF996FB}.Debug|Any CPU.Build.0 = Debug|Any CPU
		{779E53CB-1381-9AC7-FB61-BF3C2DF996FB}.Release|Any CPU.ActiveCfg = Release|Any CPU
		{779E53CB-1381-9AC7-FB61-BF3C2DF996FB}.Release|Any CPU.Build.0 = Release|Any CPU
		{557DDF88-FBB6-FEA4-28E5-3EA05EE09AA9}.Debug|Any CPU.ActiveCfg = Debug|Any CPU
		{557DDF88-FBB6-FEA4-28E5-3EA05EE09AA9}.Debug|Any CPU.Build.0 = Debug|Any CPU
		{557DDF88-FBB6-FEA4-28E5-3EA05EE09AA9}.Release|Any CPU.ActiveCfg = Release|Any CPU
		{557DDF88-FBB6-FEA4-28E5-3EA05EE09AA9}.Release|Any CPU.Build.0 = Release|Any CPU
		{B9CA1199-7A2A-0CF8-A40E-E4E0D93E22F2}.Debug|Any CPU.ActiveCfg = Debug|Any CPU
		{B9CA1199-7A2A-0CF8-A40E-E4E0D93E22F2}.Debug|Any CPU.Build.0 = Debug|Any CPU
		{B9CA1199-7A2A-0CF8-A40E-E4E0D93E22F2}.Release|Any CPU.ActiveCfg = Release|Any CPU
		{B9CA1199-7A2A-0CF8-A40E-E4E0D93E22F2}.Release|Any CPU.Build.0 = Release|Any CPU
		{64FDDA59-1211-CE8B-7451-30B6225AE618}.Debug|Any CPU.ActiveCfg = Debug|Any CPU
		{64FDDA59-1211-CE8B-7451-30B6225AE618}.Debug|Any CPU.Build.0 = Debug|Any CPU
		{64FDDA59-1211-CE8B-7451-30B6225AE618}.Release|Any CPU.ActiveCfg = Release|Any CPU
		{64FDDA59-1211-CE8B-7451-30B6225AE618}.Release|Any CPU.Build.0 = Release|Any CPU
		{E79CCFFE-78EF-736F-1C4B-5FE7D119BFA2}.Debug|Any CPU.ActiveCfg = Debug|Any CPU
		{E79CCFFE-78EF-736F-1C4B-5FE7D119BFA2}.Debug|Any CPU.Build.0 = Debug|Any CPU
		{E79CCFFE-78EF-736F-1C4B-5FE7D119BFA2}.Release|Any CPU.ActiveCfg = Release|Any CPU
		{E79CCFFE-78EF-736F-1C4B-5FE7D119BFA2}.Release|Any CPU.Build.0 = Release|Any CPU
		{4B180BAE-8122-AC0E-115B-15094E21FF0B}.Debug|Any CPU.ActiveCfg = Debug|Any CPU
		{4B180BAE-8122-AC0E-115B-15094E21FF0B}.Debug|Any CPU.Build.0 = Debug|Any CPU
		{4B180BAE-8122-AC0E-115B-15094E21FF0B}.Release|Any CPU.ActiveCfg = Release|Any CPU
		{4B180BAE-8122-AC0E-115B-15094E21FF0B}.Release|Any CPU.Build.0 = Release|Any CPU
		{DF2A5634-B0F1-8104-3E72-172643387E17}.Debug|Any CPU.ActiveCfg = Debug|Any CPU
		{DF2A5634-B0F1-8104-3E72-172643387E17}.Debug|Any CPU.Build.0 = Debug|Any CPU
		{DF2A5634-B0F1-8104-3E72-172643387E17}.Release|Any CPU.ActiveCfg = Release|Any CPU
		{DF2A5634-B0F1-8104-3E72-172643387E17}.Release|Any CPU.Build.0 = Release|Any CPU
		{2B0A302D-3BDB-2378-DD9A-6D47C0CF478D}.Debug|Any CPU.ActiveCfg = Debug|Any CPU
		{2B0A302D-3BDB-2378-DD9A-6D47C0CF478D}.Debug|Any CPU.Build.0 = Debug|Any CPU
		{2B0A302D-3BDB-2378-DD9A-6D47C0CF478D}.Release|Any CPU.ActiveCfg = Release|Any CPU
		{2B0A302D-3BDB-2378-DD9A-6D47C0CF478D}.Release|Any CPU.Build.0 = Release|Any CPU
		{0C0D17A6-D9BF-66BF-9DDA-F8969F21F95F}.Debug|Any CPU.ActiveCfg = Debug|Any CPU
		{0C0D17A6-D9BF-66BF-9DDA-F8969F21F95F}.Debug|Any CPU.Build.0 = Debug|Any CPU
		{0C0D17A6-D9BF-66BF-9DDA-F8969F21F95F}.Release|Any CPU.ActiveCfg = Release|Any CPU
		{0C0D17A6-D9BF-66BF-9DDA-F8969F21F95F}.Release|Any CPU.Build.0 = Release|Any CPU
		{62613B9A-ECAA-F386-A2EB-21274AE76444}.Debug|Any CPU.ActiveCfg = Debug|Any CPU
		{62613B9A-ECAA-F386-A2EB-21274AE76444}.Debug|Any CPU.Build.0 = Debug|Any CPU
		{62613B9A-ECAA-F386-A2EB-21274AE76444}.Release|Any CPU.ActiveCfg = Release|Any CPU
		{62613B9A-ECAA-F386-A2EB-21274AE76444}.Release|Any CPU.Build.0 = Release|Any CPU
		{A7D39D6A-BACA-77A2-D67C-685AC10C55AF}.Debug|Any CPU.ActiveCfg = Debug|Any CPU
		{A7D39D6A-BACA-77A2-D67C-685AC10C55AF}.Debug|Any CPU.Build.0 = Debug|Any CPU
		{A7D39D6A-BACA-77A2-D67C-685AC10C55AF}.Release|Any CPU.ActiveCfg = Release|Any CPU
		{A7D39D6A-BACA-77A2-D67C-685AC10C55AF}.Release|Any CPU.Build.0 = Release|Any CPU
		{86092483-C88F-8C19-85B5-91A74BC5E0B9}.Debug|Any CPU.ActiveCfg = Debug|Any CPU
		{86092483-C88F-8C19-85B5-91A74BC5E0B9}.Debug|Any CPU.Build.0 = Debug|Any CPU
		{86092483-C88F-8C19-85B5-91A74BC5E0B9}.Release|Any CPU.ActiveCfg = Release|Any CPU
		{86092483-C88F-8C19-85B5-91A74BC5E0B9}.Release|Any CPU.Build.0 = Release|Any CPU
		{FB0AB3A0-BB78-78B1-6F5E-467F47A1BF32}.Debug|Any CPU.ActiveCfg = Debug|Any CPU
		{FB0AB3A0-BB78-78B1-6F5E-467F47A1BF32}.Debug|Any CPU.Build.0 = Debug|Any CPU
		{FB0AB3A0-BB78-78B1-6F5E-467F47A1BF32}.Release|Any CPU.ActiveCfg = Release|Any CPU
		{FB0AB3A0-BB78-78B1-6F5E-467F47A1BF32}.Release|Any CPU.Build.0 = Release|Any CPU
		{80D29C89-C606-B276-E009-69F0B8F2A183}.Debug|Any CPU.ActiveCfg = Debug|Any CPU
		{80D29C89-C606-B276-E009-69F0B8F2A183}.Debug|Any CPU.Build.0 = Debug|Any CPU
		{80D29C89-C606-B276-E009-69F0B8F2A183}.Release|Any CPU.ActiveCfg = Release|Any CPU
		{80D29C89-C606-B276-E009-69F0B8F2A183}.Release|Any CPU.Build.0 = Release|Any CPU
		{5014B64A-83DD-54DB-32D5-6D4F99157A62}.Debug|Any CPU.ActiveCfg = Debug|Any CPU
		{5014B64A-83DD-54DB-32D5-6D4F99157A62}.Debug|Any CPU.Build.0 = Debug|Any CPU
		{5014B64A-83DD-54DB-32D5-6D4F99157A62}.Release|Any CPU.ActiveCfg = Release|Any CPU
		{5014B64A-83DD-54DB-32D5-6D4F99157A62}.Release|Any CPU.Build.0 = Release|Any CPU
		{00F3EF96-BBB0-B2EE-3353-52C6BB50E38B}.Debug|Any CPU.ActiveCfg = Debug|Any CPU
		{00F3EF96-BBB0-B2EE-3353-52C6BB50E38B}.Debug|Any CPU.Build.0 = Debug|Any CPU
		{00F3EF96-BBB0-B2EE-3353-52C6BB50E38B}.Release|Any CPU.ActiveCfg = Release|Any CPU
		{00F3EF96-BBB0-B2EE-3353-52C6BB50E38B}.Release|Any CPU.Build.0 = Release|Any CPU
		{1B83A146-6BC7-E0A1-6E4F-869E6C130ABA}.Debug|Any CPU.ActiveCfg = Debug|Any CPU
		{1B83A146-6BC7-E0A1-6E4F-869E6C130ABA}.Debug|Any CPU.Build.0 = Debug|Any CPU
		{1B83A146-6BC7-E0A1-6E4F-869E6C130ABA}.Release|Any CPU.ActiveCfg = Release|Any CPU
		{1B83A146-6BC7-E0A1-6E4F-869E6C130ABA}.Release|Any CPU.Build.0 = Release|Any CPU
		{AB18C89E-45D8-7C29-8C5C-53E85644A657}.Debug|Any CPU.ActiveCfg = Debug|Any CPU
		{AB18C89E-45D8-7C29-8C5C-53E85644A657}.Debug|Any CPU.Build.0 = Debug|Any CPU
		{AB18C89E-45D8-7C29-8C5C-53E85644A657}.Release|Any CPU.ActiveCfg = Release|Any CPU
		{AB18C89E-45D8-7C29-8C5C-53E85644A657}.Release|Any CPU.Build.0 = Release|Any CPU
		{04066BD2-D5AF-53D3-48EF-0A2590507E94}.Debug|Any CPU.ActiveCfg = Debug|Any CPU
		{04066BD2-D5AF-53D3-48EF-0A2590507E94}.Debug|Any CPU.Build.0 = Debug|Any CPU
		{04066BD2-D5AF-53D3-48EF-0A2590507E94}.Release|Any CPU.ActiveCfg = Release|Any CPU
		{04066BD2-D5AF-53D3-48EF-0A2590507E94}.Release|Any CPU.Build.0 = Release|Any CPU
		{E3ED1A8B-A203-DD7F-57D9-C2B1C942A34D}.Debug|Any CPU.ActiveCfg = Debug|Any CPU
		{E3ED1A8B-A203-DD7F-57D9-C2B1C942A34D}.Debug|Any CPU.Build.0 = Debug|Any CPU
		{E3ED1A8B-A203-DD7F-57D9-C2B1C942A34D}.Release|Any CPU.ActiveCfg = Release|Any CPU
		{E3ED1A8B-A203-DD7F-57D9-C2B1C942A34D}.Release|Any CPU.Build.0 = Release|Any CPU
		{2282A9B3-D39D-CA72-B103-63173390DE7E}.Debug|Any CPU.ActiveCfg = Debug|Any CPU
		{2282A9B3-D39D-CA72-B103-63173390DE7E}.Debug|Any CPU.Build.0 = Debug|Any CPU
		{2282A9B3-D39D-CA72-B103-63173390DE7E}.Release|Any CPU.ActiveCfg = Release|Any CPU
		{2282A9B3-D39D-CA72-B103-63173390DE7E}.Release|Any CPU.Build.0 = Release|Any CPU
		{FEA076C6-6951-BAD3-6F14-E7CCBCEEB9CF}.Debug|Any CPU.ActiveCfg = Debug|Any CPU
		{FEA076C6-6951-BAD3-6F14-E7CCBCEEB9CF}.Debug|Any CPU.Build.0 = Debug|Any CPU
		{FEA076C6-6951-BAD3-6F14-E7CCBCEEB9CF}.Release|Any CPU.ActiveCfg = Release|Any CPU
		{FEA076C6-6951-BAD3-6F14-E7CCBCEEB9CF}.Release|Any CPU.Build.0 = Release|Any CPU
		{60385D35-11C7-2D98-3418-1E36B84DB52E}.Debug|Any CPU.ActiveCfg = Debug|Any CPU
		{60385D35-11C7-2D98-3418-1E36B84DB52E}.Debug|Any CPU.Build.0 = Debug|Any CPU
		{60385D35-11C7-2D98-3418-1E36B84DB52E}.Release|Any CPU.ActiveCfg = Release|Any CPU
		{60385D35-11C7-2D98-3418-1E36B84DB52E}.Release|Any CPU.Build.0 = Release|Any CPU
		{FFB82257-D86E-34BC-3AB3-D3E200D57D3D}.Debug|Any CPU.ActiveCfg = Debug|Any CPU
		{FFB82257-D86E-34BC-3AB3-D3E200D57D3D}.Debug|Any CPU.Build.0 = Debug|Any CPU
		{FFB82257-D86E-34BC-3AB3-D3E200D57D3D}.Release|Any CPU.ActiveCfg = Release|Any CPU
		{FFB82257-D86E-34BC-3AB3-D3E200D57D3D}.Release|Any CPU.Build.0 = Release|Any CPU
		{EB1E5C4A-3966-77EE-2A05-6EBCB6371FC5}.Debug|Any CPU.ActiveCfg = Debug|Any CPU
		{EB1E5C4A-3966-77EE-2A05-6EBCB6371FC5}.Debug|Any CPU.Build.0 = Debug|Any CPU
		{EB1E5C4A-3966-77EE-2A05-6EBCB6371FC5}.Release|Any CPU.ActiveCfg = Release|Any CPU
		{EB1E5C4A-3966-77EE-2A05-6EBCB6371FC5}.Release|Any CPU.Build.0 = Release|Any CPU
		{34FE5783-F07F-6306-4C79-EA94BEC6C127}.Debug|Any CPU.ActiveCfg = Debug|Any CPU
		{34FE5783-F07F-6306-4C79-EA94BEC6C127}.Debug|Any CPU.Build.0 = Debug|Any CPU
		{34FE5783-F07F-6306-4C79-EA94BEC6C127}.Release|Any CPU.ActiveCfg = Release|Any CPU
		{34FE5783-F07F-6306-4C79-EA94BEC6C127}.Release|Any CPU.Build.0 = Release|Any CPU
		{28350BA0-3750-3B2C-129E-825C6D1F1CD9}.Debug|Any CPU.ActiveCfg = Debug|Any CPU
		{28350BA0-3750-3B2C-129E-825C6D1F1CD9}.Debug|Any CPU.Build.0 = Debug|Any CPU
		{28350BA0-3750-3B2C-129E-825C6D1F1CD9}.Release|Any CPU.ActiveCfg = Release|Any CPU
		{28350BA0-3750-3B2C-129E-825C6D1F1CD9}.Release|Any CPU.Build.0 = Release|Any CPU
		{90FC00D3-9BAF-79F1-F0D1-468BEF95CFB7}.Debug|Any CPU.ActiveCfg = Debug|Any CPU
		{90FC00D3-9BAF-79F1-F0D1-468BEF95CFB7}.Debug|Any CPU.Build.0 = Debug|Any CPU
		{90FC00D3-9BAF-79F1-F0D1-468BEF95CFB7}.Release|Any CPU.ActiveCfg = Release|Any CPU
		{90FC00D3-9BAF-79F1-F0D1-468BEF95CFB7}.Release|Any CPU.Build.0 = Release|Any CPU
		{AB85BF18-CF1B-AE93-BC32-4A34D732E18E}.Debug|Any CPU.ActiveCfg = Debug|Any CPU
		{AB85BF18-CF1B-AE93-BC32-4A34D732E18E}.Debug|Any CPU.Build.0 = Debug|Any CPU
		{AB85BF18-CF1B-AE93-BC32-4A34D732E18E}.Release|Any CPU.ActiveCfg = Release|Any CPU
		{AB85BF18-CF1B-AE93-BC32-4A34D732E18E}.Release|Any CPU.Build.0 = Release|Any CPU
		{E08EBD31-5B4B-75BF-A19A-45CA733B19E6}.Debug|Any CPU.ActiveCfg = Debug|Any CPU
		{E08EBD31-5B4B-75BF-A19A-45CA733B19E6}.Debug|Any CPU.Build.0 = Debug|Any CPU
		{E08EBD31-5B4B-75BF-A19A-45CA733B19E6}.Release|Any CPU.ActiveCfg = Release|Any CPU
		{E08EBD31-5B4B-75BF-A19A-45CA733B19E6}.Release|Any CPU.Build.0 = Release|Any CPU
		{5D359575-5CC3-D106-F2CA-E3FD1CC4886B}.Debug|Any CPU.ActiveCfg = Debug|Any CPU
		{5D359575-5CC3-D106-F2CA-E3FD1CC4886B}.Debug|Any CPU.Build.0 = Debug|Any CPU
		{5D359575-5CC3-D106-F2CA-E3FD1CC4886B}.Release|Any CPU.ActiveCfg = Release|Any CPU
		{5D359575-5CC3-D106-F2CA-E3FD1CC4886B}.Release|Any CPU.Build.0 = Release|Any CPU
		{8F04E5A9-C429-EEC2-2910-283A35917B11}.Debug|Any CPU.ActiveCfg = Debug|Any CPU
		{8F04E5A9-C429-EEC2-2910-283A35917B11}.Debug|Any CPU.Build.0 = Debug|Any CPU
		{8F04E5A9-C429-EEC2-2910-283A35917B11}.Release|Any CPU.ActiveCfg = Release|Any CPU
		{8F04E5A9-C429-EEC2-2910-283A35917B11}.Release|Any CPU.Build.0 = Release|Any CPU
		{CD54C47D-AA1B-85E7-220C-01848C216081}.Debug|Any CPU.ActiveCfg = Debug|Any CPU
		{CD54C47D-AA1B-85E7-220C-01848C216081}.Debug|Any CPU.Build.0 = Debug|Any CPU
		{CD54C47D-AA1B-85E7-220C-01848C216081}.Release|Any CPU.ActiveCfg = Release|Any CPU
		{CD54C47D-AA1B-85E7-220C-01848C216081}.Release|Any CPU.Build.0 = Release|Any CPU
		{8C5B63C6-BEE6-B584-205F-6415D00E22BA}.Debug|Any CPU.ActiveCfg = Debug|Any CPU
		{8C5B63C6-BEE6-B584-205F-6415D00E22BA}.Debug|Any CPU.Build.0 = Debug|Any CPU
		{8C5B63C6-BEE6-B584-205F-6415D00E22BA}.Release|Any CPU.ActiveCfg = Release|Any CPU
		{8C5B63C6-BEE6-B584-205F-6415D00E22BA}.Release|Any CPU.Build.0 = Release|Any CPU
		{F95E4997-7F98-93E4-B2F7-869EC3B7280D}.Debug|Any CPU.ActiveCfg = Debug|Any CPU
		{F95E4997-7F98-93E4-B2F7-869EC3B7280D}.Debug|Any CPU.Build.0 = Debug|Any CPU
		{F95E4997-7F98-93E4-B2F7-869EC3B7280D}.Release|Any CPU.ActiveCfg = Release|Any CPU
		{F95E4997-7F98-93E4-B2F7-869EC3B7280D}.Release|Any CPU.Build.0 = Release|Any CPU
		{6D5A2034-6776-5FA4-0898-2B6BE3052DAB}.Debug|Any CPU.ActiveCfg = Debug|Any CPU
		{6D5A2034-6776-5FA4-0898-2B6BE3052DAB}.Debug|Any CPU.Build.0 = Debug|Any CPU
		{6D5A2034-6776-5FA4-0898-2B6BE3052DAB}.Release|Any CPU.ActiveCfg = Release|Any CPU
		{6D5A2034-6776-5FA4-0898-2B6BE3052DAB}.Release|Any CPU.Build.0 = Release|Any CPU
		{5C18A52B-923E-5AC6-588C-09CD730EE8D4}.Debug|Any CPU.ActiveCfg = Debug|Any CPU
		{5C18A52B-923E-5AC6-588C-09CD730EE8D4}.Debug|Any CPU.Build.0 = Debug|Any CPU
		{5C18A52B-923E-5AC6-588C-09CD730EE8D4}.Release|Any CPU.ActiveCfg = Release|Any CPU
		{5C18A52B-923E-5AC6-588C-09CD730EE8D4}.Release|Any CPU.Build.0 = Release|Any CPU
		{055BA039-8BA4-A30C-00B7-ACAF9FF79970}.Debug|Any CPU.ActiveCfg = Debug|Any CPU
		{055BA039-8BA4-A30C-00B7-ACAF9FF79970}.Debug|Any CPU.Build.0 = Debug|Any CPU
		{055BA039-8BA4-A30C-00B7-ACAF9FF79970}.Release|Any CPU.ActiveCfg = Release|Any CPU
		{055BA039-8BA4-A30C-00B7-ACAF9FF79970}.Release|Any CPU.Build.0 = Release|Any CPU
		{9948328C-ECEA-EFAC-E449-A6AE5B87F5FE}.Debug|Any CPU.ActiveCfg = Debug|Any CPU
		{9948328C-ECEA-EFAC-E449-A6AE5B87F5FE}.Debug|Any CPU.Build.0 = Debug|Any CPU
		{9948328C-ECEA-EFAC-E449-A6AE5B87F5FE}.Release|Any CPU.ActiveCfg = Release|Any CPU
		{9948328C-ECEA-EFAC-E449-A6AE5B87F5FE}.Release|Any CPU.Build.0 = Release|Any CPU
	EndGlobalSection
	GlobalSection(SolutionProperties) = preSolution
		HideSolutionNode = FALSE
	EndGlobalSection
EndGlobal
